
Microsoft Visual Studio Solution File, Format Version 12.00
# Visual Studio Version 16
VisualStudioVersion = 16.0.31911.196
MinimumVisualStudioVersion = 10.0.40219.1
Project("{FAE04EC0-301F-11D3-BF4B-00C04F79EFBC}") = "Authentication_and_Authorization", "Authentication_and_Authorization\Authentication_and_Authorization.csproj", "{3AE7D81A-D344-4642-B770-BC6FE0F6BCD5}"
EndProject
Global
	GlobalSection(SolutionConfigurationPlatforms) = preSolution
		Debug|Any CPU = Debug|Any CPU
		Release|Any CPU = Release|Any CPU
	EndGlobalSection
	GlobalSection(ProjectConfigurationPlatforms) = postSolution
		{3AE7D81A-D344-4642-B770-BC6FE0F6BCD5}.Debug|Any CPU.ActiveCfg = Debug|Any CPU
		{3AE7D81A-D344-4642-B770-BC6FE0F6BCD5}.Debug|Any CPU.Build.0 = Debug|Any CPU
		{3AE7D81A-D344-4642-B770-BC6FE0F6BCD5}.Release|Any CPU.ActiveCfg = Release|Any CPU
		{3AE7D81A-D344-4642-B770-BC6FE0F6BCD5}.Release|Any CPU.Build.0 = Release|Any CPU
	EndGlobalSection
	GlobalSection(SolutionProperties) = preSolution
		HideSolutionNode = FALSE
	EndGlobalSection
	GlobalSection(ExtensibilityGlobals) = postSolution
		SolutionGuid = {10F6772B-E673-4029-98CA-FC845B743DB1}
	EndGlobalSection
EndGlobal
