
Microsoft Visual Studio Solution File, Format Version 12.00
# Visual Studio Version 16
VisualStudioVersion = 16.0.30114.105
MinimumVisualStudioVersion = 10.0.40219.1
Project("{2150E333-8FDC-42A3-9474-1A3956D46DE8}") = "src", "src", "{DB36BF8A-A20B-4AE1-B5ED-77F0266EE034}"
EndProject
Project("{FAE04EC0-301F-11D3-BF4B-00C04F79EFBC}") = "IdentityServer", "src\IdentityServer\IdentityServer.csproj", "{129650B8-D4ED-4E92-A73F-6ABF6FBEF7D3}"
EndProject
Project("{FAE04EC0-301F-11D3-BF4B-00C04F79EFBC}") = "ResourceAPI", "src\ResourceAPI\ResourceAPI.csproj", "{ACA4F9F2-C32C-4BFC-A3BB-5F203D885C51}"
EndProject
Project("{FAE04EC0-301F-11D3-BF4B-00C04F79EFBC}") = "GeneralClient", "src\GeneralClient\GeneralClient.csproj", "{C93FAEE1-C61F-4A9B-A7CA-FC7EA15C5B90}"
EndProject
Project("{FAE04EC0-301F-11D3-BF4B-00C04F79EFBC}") = "WebClient", "src\WebClient\WebClient.csproj", "{18E2F7EA-D363-407F-8E69-5C54ACC5965A}"
EndProject
Project("{FAE04EC0-301F-11D3-BF4B-00C04F79EFBC}") = "IdentityServerAspNetIdentity", "src\IdentityServerAspNetIdentity\IdentityServerAspNetIdentity.csproj", "{597A47C5-5CB0-49F6-B9AF-AFDF5973CA77}"
EndProject
Global
	GlobalSection(SolutionConfigurationPlatforms) = preSolution
		Debug|Any CPU = Debug|Any CPU
		Release|Any CPU = Release|Any CPU
	EndGlobalSection
	GlobalSection(SolutionProperties) = preSolution
		HideSolutionNode = FALSE
	EndGlobalSection
	GlobalSection(ProjectConfigurationPlatforms) = postSolution
		{129650B8-D4ED-4E92-A73F-6ABF6FBEF7D3}.Debug|Any CPU.ActiveCfg = Debug|Any CPU
		{129650B8-D4ED-4E92-A73F-6ABF6FBEF7D3}.Debug|Any CPU.Build.0 = Debug|Any CPU
		{129650B8-D4ED-4E92-A73F-6ABF6FBEF7D3}.Release|Any CPU.ActiveCfg = Release|Any CPU
		{129650B8-D4ED-4E92-A73F-6ABF6FBEF7D3}.Release|Any CPU.Build.0 = Release|Any CPU
		{ACA4F9F2-C32C-4BFC-A3BB-5F203D885C51}.Debug|Any CPU.ActiveCfg = Debug|Any CPU
		{ACA4F9F2-C32C-4BFC-A3BB-5F203D885C51}.Debug|Any CPU.Build.0 = Debug|Any CPU
		{ACA4F9F2-C32C-4BFC-A3BB-5F203D885C51}.Release|Any CPU.ActiveCfg = Release|Any CPU
		{ACA4F9F2-C32C-4BFC-A3BB-5F203D885C51}.Release|Any CPU.Build.0 = Release|Any CPU
		{C93FAEE1-C61F-4A9B-A7CA-FC7EA15C5B90}.Debug|Any CPU.ActiveCfg = Debug|Any CPU
		{C93FAEE1-C61F-4A9B-A7CA-FC7EA15C5B90}.Debug|Any CPU.Build.0 = Debug|Any CPU
		{C93FAEE1-C61F-4A9B-A7CA-FC7EA15C5B90}.Release|Any CPU.ActiveCfg = Release|Any CPU
		{C93FAEE1-C61F-4A9B-A7CA-FC7EA15C5B90}.Release|Any CPU.Build.0 = Release|Any CPU
		{18E2F7EA-D363-407F-8E69-5C54ACC5965A}.Debug|Any CPU.ActiveCfg = Debug|Any CPU
		{18E2F7EA-D363-407F-8E69-5C54ACC5965A}.Debug|Any CPU.Build.0 = Debug|Any CPU
		{18E2F7EA-D363-407F-8E69-5C54ACC5965A}.Release|Any CPU.ActiveCfg = Release|Any CPU
		{18E2F7EA-D363-407F-8E69-5C54ACC5965A}.Release|Any CPU.Build.0 = Release|Any CPU
		{597A47C5-5CB0-49F6-B9AF-AFDF5973CA77}.Debug|Any CPU.ActiveCfg = Debug|Any CPU
		{597A47C5-5CB0-49F6-B9AF-AFDF5973CA77}.Debug|Any CPU.Build.0 = Debug|Any CPU
		{597A47C5-5CB0-49F6-B9AF-AFDF5973CA77}.Release|Any CPU.ActiveCfg = Release|Any CPU
		{597A47C5-5CB0-49F6-B9AF-AFDF5973CA77}.Release|Any CPU.Build.0 = Release|Any CPU
	EndGlobalSection
	GlobalSection(NestedProjects) = preSolution
		{129650B8-D4ED-4E92-A73F-6ABF6FBEF7D3} = {DB36BF8A-A20B-4AE1-B5ED-77F0266EE034}
		{ACA4F9F2-C32C-4BFC-A3BB-5F203D885C51} = {DB36BF8A-A20B-4AE1-B5ED-77F0266EE034}
		{C93FAEE1-C61F-4A9B-A7CA-FC7EA15C5B90} = {DB36BF8A-A20B-4AE1-B5ED-77F0266EE034}
		{18E2F7EA-D363-407F-8E69-5C54ACC5965A} = {DB36BF8A-A20B-4AE1-B5ED-77F0266EE034}
		{597A47C5-5CB0-49F6-B9AF-AFDF5973CA77} = {DB36BF8A-A20B-4AE1-B5ED-77F0266EE034}
	EndGlobalSection
EndGlobal
